
Microsoft Visual Studio Solution File, Format Version 12.00
# Visual Studio 15
VisualStudioVersion = 15.0.28307.438
MinimumVisualStudioVersion = 10.0.40219.1
Project("{FAE04EC0-301F-11D3-BF4B-00C04F79EFBC}") = "cgsjgpt", "cgsjgpt\cgsjgpt.csproj", "{5F750FBA-5B49-4640-BDAB-186ACD5347FB}"
EndProject
Global
	GlobalSection(SolutionConfigurationPlatforms) = preSolution
		Debug|Any CPU = Debug|Any CPU
		Release|Any CPU = Release|Any CPU
	EndGlobalSection
	GlobalSection(ProjectConfigurationPlatforms) = postSolution
		{5F750FBA-5B49-4640-BDAB-186ACD5347FB}.Debug|Any CPU.ActiveCfg = Debug|Any CPU
		{5F750FBA-5B49-4640-BDAB-186ACD5347FB}.Debug|Any CPU.Build.0 = Debug|Any CPU
		{5F750FBA-5B49-4640-BDAB-186ACD5347FB}.Release|Any CPU.ActiveCfg = Release|Any CPU
		{5F750FBA-5B49-4640-BDAB-186ACD5347FB}.Release|Any CPU.Build.0 = Release|Any CPU
	EndGlobalSection
	GlobalSection(SolutionProperties) = preSolution
		HideSolutionNode = FALSE
	EndGlobalSection
	GlobalSection(ExtensibilityGlobals) = postSolution
		SolutionGuid = {A618DB02-3BF7-4BAB-B1D0-AF69DE20B145}
	EndGlobalSection
EndGlobal
